
Microsoft Visual Studio Solution File, Format Version 12.00
# Visual Studio 14
VisualStudioVersion = 14.0.24720.0
MinimumVisualStudioVersion = 10.0.40219.1
Project("{FAE04EC0-301F-11D3-BF4B-00C04F79EFBC}") = "ITSupportPlatform", "ITSupportPlatform\ITSupportPlatform.csproj", "{76C9D9A5-BF24-4BE1-8391-B49C80ED27FA}"
EndProject
Project("{FAE04EC0-301F-11D3-BF4B-00C04F79EFBC}") = "BootStrap.Net", "BootStrap.Net\BootStrap.Net.csproj", "{CD0CB32B-ABDE-4003-AB04-A568A7D07EAA}"
EndProject
Project("{FAE04EC0-301F-11D3-BF4B-00C04F79EFBC}") = "ExpressStudy", "ExpressStudy\ExpressStudy.csproj", "{E2366E0E-8646-4555-9E37-249650EBCBE4}"
EndProject
Project("{FAE04EC0-301F-11D3-BF4B-00C04F79EFBC}") = "MongoStart", "MongoStart\MongoStart.csproj", "{DB73D420-12FB-4EC3-99A4-F6F2DBB34B08}"
EndProject
Global
	GlobalSection(SolutionConfigurationPlatforms) = preSolution
		Debug|Any CPU = Debug|Any CPU
		Release|Any CPU = Release|Any CPU
	EndGlobalSection
	GlobalSection(ProjectConfigurationPlatforms) = postSolution
		{76C9D9A5-BF24-4BE1-8391-B49C80ED27FA}.Debug|Any CPU.ActiveCfg = Debug|Any CPU
		{76C9D9A5-BF24-4BE1-8391-B49C80ED27FA}.Debug|Any CPU.Build.0 = Debug|Any CPU
		{76C9D9A5-BF24-4BE1-8391-B49C80ED27FA}.Release|Any CPU.ActiveCfg = Release|Any CPU
		{76C9D9A5-BF24-4BE1-8391-B49C80ED27FA}.Release|Any CPU.Build.0 = Release|Any CPU
		{CD0CB32B-ABDE-4003-AB04-A568A7D07EAA}.Debug|Any CPU.ActiveCfg = Debug|Any CPU
		{CD0CB32B-ABDE-4003-AB04-A568A7D07EAA}.Debug|Any CPU.Build.0 = Debug|Any CPU
		{CD0CB32B-ABDE-4003-AB04-A568A7D07EAA}.Release|Any CPU.ActiveCfg = Release|Any CPU
		{CD0CB32B-ABDE-4003-AB04-A568A7D07EAA}.Release|Any CPU.Build.0 = Release|Any CPU
		{E2366E0E-8646-4555-9E37-249650EBCBE4}.Debug|Any CPU.ActiveCfg = Debug|Any CPU
		{E2366E0E-8646-4555-9E37-249650EBCBE4}.Debug|Any CPU.Build.0 = Debug|Any CPU
		{E2366E0E-8646-4555-9E37-249650EBCBE4}.Release|Any CPU.ActiveCfg = Release|Any CPU
		{E2366E0E-8646-4555-9E37-249650EBCBE4}.Release|Any CPU.Build.0 = Release|Any CPU
		{DB73D420-12FB-4EC3-99A4-F6F2DBB34B08}.Debug|Any CPU.ActiveCfg = Debug|Any CPU
		{DB73D420-12FB-4EC3-99A4-F6F2DBB34B08}.Debug|Any CPU.Build.0 = Debug|Any CPU
		{DB73D420-12FB-4EC3-99A4-F6F2DBB34B08}.Release|Any CPU.ActiveCfg = Release|Any CPU
		{DB73D420-12FB-4EC3-99A4-F6F2DBB34B08}.Release|Any CPU.Build.0 = Release|Any CPU
	EndGlobalSection
	GlobalSection(SolutionProperties) = preSolution
		HideSolutionNode = FALSE
	EndGlobalSection
EndGlobal
